
Microsoft Visual Studio Solution File, Format Version 12.00
# Visual Studio Version 16
VisualStudioVersion = 16.0.29418.71
MinimumVisualStudioVersion = 10.0.40219.1
Project("{FAE04EC0-301F-11D3-BF4B-00C04F79EFBC}") = "SaveWorldWebsite", "SaveWorldWebsite\SaveWorldWebsite.csproj", "{01D2116D-624C-444A-9E9E-E46C1D9E6C16}"
EndProject
Global
	GlobalSection(SolutionConfigurationPlatforms) = preSolution
		Debug|Any CPU = Debug|Any CPU
		Release|Any CPU = Release|Any CPU
	EndGlobalSection
	GlobalSection(ProjectConfigurationPlatforms) = postSolution
		{01D2116D-624C-444A-9E9E-E46C1D9E6C16}.Debug|Any CPU.ActiveCfg = Debug|Any CPU
		{01D2116D-624C-444A-9E9E-E46C1D9E6C16}.Debug|Any CPU.Build.0 = Debug|Any CPU
		{01D2116D-624C-444A-9E9E-E46C1D9E6C16}.Release|Any CPU.ActiveCfg = Release|Any CPU
		{01D2116D-624C-444A-9E9E-E46C1D9E6C16}.Release|Any CPU.Build.0 = Release|Any CPU
	EndGlobalSection
	GlobalSection(SolutionProperties) = preSolution
		HideSolutionNode = FALSE
	EndGlobalSection
	GlobalSection(ExtensibilityGlobals) = postSolution
		SolutionGuid = {DF8229FD-1CEC-4BB8-9A76-9E8FF5BA9A11}
	EndGlobalSection
EndGlobal
